
Microsoft Visual Studio Solution File, Format Version 12.00
# Visual Studio Version 17
VisualStudioVersion = 17.7.34031.279
MinimumVisualStudioVersion = 10.0.40219.1
Project("{FAE04EC0-301F-11D3-BF4B-00C04F79EFBC}") = "controlflow", "controlflow\controlflow.csproj", "{044E211A-7EF2-4498-ABA5-8163A20BBE09}"
EndProject
Global
	GlobalSection(SolutionConfigurationPlatforms) = preSolution
		Debug|Any CPU = Debug|Any CPU
		Release|Any CPU = Release|Any CPU
	EndGlobalSection
	GlobalSection(ProjectConfigurationPlatforms) = postSolution
		{044E211A-7EF2-4498-ABA5-8163A20BBE09}.Debug|Any CPU.ActiveCfg = Debug|Any CPU
		{044E211A-7EF2-4498-ABA5-8163A20BBE09}.Debug|Any CPU.Build.0 = Debug|Any CPU
		{044E211A-7EF2-4498-ABA5-8163A20BBE09}.Release|Any CPU.ActiveCfg = Release|Any CPU
		{044E211A-7EF2-4498-ABA5-8163A20BBE09}.Release|Any CPU.Build.0 = Release|Any CPU
	EndGlobalSection
	GlobalSection(SolutionProperties) = preSolution
		HideSolutionNode = FALSE
	EndGlobalSection
	GlobalSection(ExtensibilityGlobals) = postSolution
		SolutionGuid = {6BE8077B-78C3-466D-9EB6-4535E5578355}
	EndGlobalSection
EndGlobal
